
Microsoft Visual Studio Solution File, Format Version 12.00
# Visual Studio Version 17
VisualStudioVersion = 17.2.32616.157
MinimumVisualStudioVersion = 10.0.40219.1
Project("{8BC9CEB8-8B4A-11D0-8D11-00A0C91BC942}") = "Assignment", "Assignment\Assignment.vcxproj", "{6A509B61-60C8-4868-BF01-4FDB2649DCEB}"
EndProject
Global
	GlobalSection(SolutionConfigurationPlatforms) = preSolution
		Debug|x64 = Debug|x64
		Debug|x86 = Debug|x86
		Release|x64 = Release|x64
		Release|x86 = Release|x86
	EndGlobalSection
	GlobalSection(ProjectConfigurationPlatforms) = postSolution
		{6A509B61-60C8-4868-BF01-4FDB2649DCEB}.Debug|x64.ActiveCfg = Debug|x64
		{6A509B61-60C8-4868-BF01-4FDB2649DCEB}.Debug|x64.Build.0 = Debug|x64
		{6A509B61-60C8-4868-BF01-4FDB2649DCEB}.Debug|x86.ActiveCfg = Debug|Win32
		{6A509B61-60C8-4868-BF01-4FDB2649DCEB}.Debug|x86.Build.0 = Debug|Win32
		{6A509B61-60C8-4868-BF01-4FDB2649DCEB}.Release|x64.ActiveCfg = Release|x64
		{6A509B61-60C8-4868-BF01-4FDB2649DCEB}.Release|x64.Build.0 = Release|x64
		{6A509B61-60C8-4868-BF01-4FDB2649DCEB}.Release|x86.ActiveCfg = Release|Win32
		{6A509B61-60C8-4868-BF01-4FDB2649DCEB}.Release|x86.Build.0 = Release|Win32
	EndGlobalSection
	GlobalSection(SolutionProperties) = preSolution
		HideSolutionNode = FALSE
	EndGlobalSection
	GlobalSection(ExtensibilityGlobals) = postSolution
		SolutionGuid = {8CF92FC1-3498-414C-8011-1DB43BB32FF0}
	EndGlobalSection
EndGlobal
